
Microsoft Visual Studio Solution File, Format Version 12.00
# Visual Studio Version 16
VisualStudioVersion = 16.0.31911.196
MinimumVisualStudioVersion = 10.0.40219.1
Project("{8BC9CEB8-8B4A-11D0-8D11-00A0C91BC942}") = "二叉排序树", "二叉排序树\二叉排序树.vcxproj", "{B1047E8E-6E70-4398-B29D-133235C388D8}"
EndProject
Global
	GlobalSection(SolutionConfigurationPlatforms) = preSolution
		Debug|x64 = Debug|x64
		Debug|x86 = Debug|x86
		Release|x64 = Release|x64
		Release|x86 = Release|x86
	EndGlobalSection
	GlobalSection(ProjectConfigurationPlatforms) = postSolution
		{B1047E8E-6E70-4398-B29D-133235C388D8}.Debug|x64.ActiveCfg = Debug|x64
		{B1047E8E-6E70-4398-B29D-133235C388D8}.Debug|x64.Build.0 = Debug|x64
		{B1047E8E-6E70-4398-B29D-133235C388D8}.Debug|x86.ActiveCfg = Debug|Win32
		{B1047E8E-6E70-4398-B29D-133235C388D8}.Debug|x86.Build.0 = Debug|Win32
		{B1047E8E-6E70-4398-B29D-133235C388D8}.Release|x64.ActiveCfg = Release|x64
		{B1047E8E-6E70-4398-B29D-133235C388D8}.Release|x64.Build.0 = Release|x64
		{B1047E8E-6E70-4398-B29D-133235C388D8}.Release|x86.ActiveCfg = Release|Win32
		{B1047E8E-6E70-4398-B29D-133235C388D8}.Release|x86.Build.0 = Release|Win32
	EndGlobalSection
	GlobalSection(SolutionProperties) = preSolution
		HideSolutionNode = FALSE
	EndGlobalSection
	GlobalSection(ExtensibilityGlobals) = postSolution
		SolutionGuid = {360DF0F7-D9ED-4480-86C0-B2D8BD8840B5}
	EndGlobalSection
EndGlobal
